# THIS IS AN AUTOGENERATED FILE. DO NOT EDIT THIS FILE DIRECTLY.
# yarn lockfile v1


"@kwsites/file-exists@^1.1.1":
  "integrity" "sha512-m9/5YGR18lIwxSFDwfE3oA7bWuq9kdau6ugN4H2rJeyhFQZcG9AgSHkQtSD15a8WvTgfz9aikZMrKPHvbpqFiw=="
  "resolved" "https://registry.npmjs.org/@kwsites/file-exists/-/file-exists-1.1.1.tgz"
  "version" "1.1.1"
  dependencies:
    "debug" "^4.1.1"

"@kwsites/promise-deferred@^1.1.1":
  "integrity" "sha512-GaHYm+c0O9MjZRu0ongGBRbinu8gVAMd2UZjji6jVmqKtZluZnptXGWhz1E8j8D2HJ3f/yMxKAUC0b+57wncIw=="
  "resolved" "https://registry.npmjs.org/@kwsites/promise-deferred/-/promise-deferred-1.1.1.tgz"
  "version" "1.1.1"

"@types/node@^18.11.13":
  "integrity" "sha512-IASpMGVcWpUsx5xBOrxMj7Bl8lqfuTY7FKAnPmu5cHkfQVWF8GulWS1jbRqA934qZL35xh5xN/+Xe/i26Bod4w=="
  "resolved" "https://registry.npmjs.org/@types/node/-/node-18.11.13.tgz"
  "version" "18.11.13"

"commander@^9.4.1":
  "integrity" "sha512-5EEkTNyHNGFPD2H+c/dXXfQZYa/scCKasxWcXJaWnNJ99pnQN9Vnmqow+p+PlFPE63Q6mThaZws1T+HxfpgtPw=="
  "resolved" "https://registry.npmjs.org/commander/-/commander-9.4.1.tgz"
  "version" "9.4.1"

"debug@^4.1.1", "debug@^4.3.4":
  "integrity" "sha512-PRWFHuSU3eDtQJPvnNY7Jcket1j0t5OuOsFzPPzsekD52Zl8qUfFIPEiswXqIvHWGVHOgX+7G/vCNNhehwxfkQ=="
  "resolved" "https://registry.npmjs.org/debug/-/debug-4.3.4.tgz"
  "version" "4.3.4"
  dependencies:
    "ms" "2.1.2"

"ms@2.1.2":
  "integrity" "sha512-sGkPx+VjMtmA6MX27oA4FBFELFCZZ4S4XqeGOXCv68tT+jb3vk/RyaKWP0PTKyWtmLSM0b+adUTEvbs1PEaH2w=="
  "resolved" "https://registry.npmjs.org/ms/-/ms-2.1.2.tgz"
  "version" "2.1.2"

"simple-git@^3.14.1":
  "integrity" "sha512-1ThF4PamK9wBORVGMK9HK5si4zoGS2GpRO7tkAFObA4FZv6dKaCVHLQT+8zlgiBm6K2h+wEU9yOaFCu/SR3OyA=="
  "resolved" "https://registry.npmjs.org/simple-git/-/simple-git-3.14.1.tgz"
  "version" "3.14.1"
  dependencies:
    "@kwsites/file-exists" "^1.1.1"
    "@kwsites/promise-deferred" "^1.1.1"
    "debug" "^4.3.4"
